{
  "version": "0.0.0",
  "lockfileVersion": 1,
  "requires": true,
  "dependencies": {
    "@antv/adjust": {
      "version": "0.2.3",
      "resolved": "https://registry.nlark.com/@antv/adjust/download/@antv/adjust-0.2.3.tgz",
      "integrity": "sha1-w4hKaAwyZMwSXX8qtTmOihwLlAE=",
      "requires": {
        "@antv/util": "~2.0.0",
        "tslib": "^1.10.0"
      },
      "dependencies": {
        "tslib": {
          "version": "1.14.1",
          "resolved": "https://registry.nlark.com/tslib/download/tslib-1.14.1.tgz",
          "integrity": "sha1-zy04vcNKE0vK8QkcQfZhni9nLQA="
        }
      }
    },
    "@antv/attr": {
      "version": "0.3.2",
      "resolved": "https://registry.npm.taobao.org/@antv/attr/download/@antv/attr-0.3.2.tgz",
      "integrity": "sha1-5YZrZIcMYvOpwluKYfZUuiv9oFE=",
      "requires": {
        "@antv/color-util": "^2.0.1",
        "@antv/util": "~2.0.0",
        "tslib": "^1.10.0"
      },
      "dependencies": {
        "tslib": {
          "version": "1.14.1",
          "resolved": "https://registry.nlark.com/tslib/download/tslib-1.14.1.tgz",
          "integrity": "sha1-zy04vcNKE0vK8QkcQfZhni9nLQA="
        }
      }
    },
    "@antv/color-util": {
      "version": "2.0.6",
      "resolved": "https://registry.npm.taobao.org/@antv/color-util/download/@antv/color-util-2.0.6.tgz",
      "integrity": "sha1-XhKbuc4/K5MJtSECs9ySlDDMwBY=",
      "requires": {
        "@antv/util": "^2.0.9",
        "tslib": "^2.0.3"
      }
    },
    "@antv/component": {
      "version": "0.8.14",
      "resolved": "https://registry.nlark.com/@antv/component/download/@antv/component-0.8.14.tgz",
      "integrity": "sha1-xrZbhOlDAvSsSf12P+j3I+Cssx8=",
      "requires": {
        "@antv/dom-util": "~2.0.1",
        "@antv/g-base": "0.5.6",
        "@antv/matrix-util": "^3.1.0-beta.1",
        "@antv/path-util": "~2.0.7",
        "@antv/scale": "~0.3.1",
        "@antv/util": "~2.0.0",
        "fecha": "~4.2.0",
        "tslib": "^2.0.3"
      },
      "dependencies": {
        "@antv/g-base": {
          "version": "0.5.6",
          "resolved": "https://registry.nlark.com/@antv/g-base/download/@antv/g-base-0.5.6.tgz?cache=0&sync_timestamp=1619321520277&other_urls=https%3A%2F%2Fregistry.nlark.com%2F%40antv%2Fg-base%2Fdownload%2F%40antv%2Fg-base-0.5.6.tgz",
          "integrity": "sha1-2W2l+/bF+LBzBydR4V5e7HCzk/w=",
          "requires": {
            "@antv/event-emitter": "^0.1.1",
            "@antv/g-math": "^0.1.6",
            "@antv/matrix-util": "^3.1.0-beta.1",
            "@antv/path-util": "~2.0.5",
            "@antv/util": "~2.0.0",
            "@types/d3-timer": "^2.0.0",
            "d3-ease": "^1.0.5",
            "d3-interpolate": "^1.3.2",
            "d3-timer": "^1.0.9",
            "detect-browser": "^5.1.0",
            "tslib": "^2.0.3"
          }
        }
      }
    },
    "@antv/coord": {
      "version": "0.3.1",
      "resolved": "https://registry.nlark.com/@antv/coord/download/@antv/coord-0.3.1.tgz?cache=0&sync_timestamp=1622726052226&other_urls=https%3A%2F%2Fregistry.nlark.com%2F%40antv%2Fcoord%2Fdownload%2F%40antv%2Fcoord-0.3.1.tgz",
      "integrity": "sha1-mC4mHYoeBqGY61GOp6zCDth1oBk=",
      "requires": {
        "@antv/matrix-util": "^3.1.0-beta.2",
        "@antv/util": "~2.0.12",
        "tslib": "^2.1.0"
      }
    },
    "@antv/data-set": {
      "version": "0.11.8",
      "resolved": "https://registry.npm.taobao.org/@antv/data-set/download/@antv/data-set-0.11.8.tgz",
      "integrity": "sha1-dBPpAGJIY9Wl87RoQf0An8TypP8=",
      "requires": {
        "@antv/hierarchy": "^0.6.0",
        "@antv/util": "^2.0.0",
        "d3-composite-projections": "^1.2.0",
        "d3-dsv": "^1.0.5",
        "d3-geo": "~1.6.4",
        "d3-geo-projection": "~2.1.2",
        "d3-hexjson": "^1.0.1",
        "d3-hierarchy": "^1.1.5",
        "d3-sankey": "^0.9.1",
        "d3-voronoi": "^1.1.2",
        "dagre": "^0.8.2",
        "point-at-length": "^1.0.2",
        "regression": "^2.0.0",
        "simple-statistics": "^6.1.0",
        "topojson-client": "^3.0.0",
        "wolfy87-eventemitter": "^5.1.0"
      }
    },
    "@antv/dom-util": {
      "version": "2.0.3",
      "resolved": "https://registry.npm.taobao.org/@antv/dom-util/download/@antv/dom-util-2.0.3.tgz",
      "integrity": "sha1-y9FYsciODopNhlhxpZabEZBVT/U=",
      "requires": {
        "tslib": "^2.0.3"
      }
    },
    "@antv/event-emitter": {
      "version": "0.1.2",
      "resolved": "https://registry.npm.taobao.org/@antv/event-emitter/download/@antv/event-emitter-0.1.2.tgz",
      "integrity": "sha1-oXt8uG5tBxiA3Gv7IydW+IYk7Lw="
    },
    "@antv/g-base": {
      "version": "0.5.9",
      "resolved": "https://registry.nlark.com/@antv/g-base/download/@antv/g-base-0.5.9.tgz?cache=0&sync_timestamp=1619321520277&other_urls=https%3A%2F%2Fregistry.nlark.com%2F%40antv%2Fg-base%2Fdownload%2F%40antv%2Fg-base-0.5.9.tgz",
      "integrity": "sha1-WNDhHYUVetoUCPvfJPT0aPQOWc0=",
      "requires": {
        "@antv/event-emitter": "^0.1.1",
        "@antv/g-math": "^0.1.6",
        "@antv/matrix-util": "^3.1.0-beta.1",
        "@antv/path-util": "~2.0.5",
        "@antv/util": "~2.0.0",
        "@types/d3-timer": "^2.0.0",
        "d3-ease": "^1.0.5",
        "d3-interpolate": "^1.3.2",
        "d3-timer": "^1.0.9",
        "detect-browser": "^5.1.0",
        "tslib": "^2.0.3"
      }
    },
    "@antv/g-canvas": {
      "version": "0.5.10",
      "resolved": "https://registry.nlark.com/@antv/g-canvas/download/@antv/g-canvas-0.5.10.tgz?cache=0&sync_timestamp=1625537759017&other_urls=https%3A%2F%2Fregistry.nlark.com%2F%40antv%2Fg-canvas%2Fdownload%2F%40antv%2Fg-canvas-0.5.10.tgz",
      "integrity": "sha1-rRmh3NGe3RLSlTnh3FtSFYW0N8Y=",
      "requires": {
        "@antv/g-base": "^0.5.3",
        "@antv/g-math": "^0.1.6",
        "@antv/matrix-util": "^3.1.0-beta.1",
        "@antv/path-util": "~2.0.5",
        "@antv/util": "~2.0.0",
        "gl-matrix": "^3.0.0",
        "tslib": "^2.0.3"
      }
    },
    "@antv/g-math": {
      "version": "0.1.7",
      "resolved": "https://registry.nlark.com/@antv/g-math/download/@antv/g-math-0.1.7.tgz?cache=0&sync_timestamp=1625538221095&other_urls=https%3A%2F%2Fregistry.nlark.com%2F%40antv%2Fg-math%2Fdownload%2F%40antv%2Fg-math-0.1.7.tgz",
      "integrity": "sha1-bsJ2kmn3zLZ+WBQNVznfdARswE4=",
      "requires": {
        "@antv/util": "~2.0.0",
        "gl-matrix": "^3.0.0"
      }
    },
    "@antv/g-svg": {
      "version": "0.5.6",
      "resolved": "https://registry.nlark.com/@antv/g-svg/download/@antv/g-svg-0.5.6.tgz",
      "integrity": "sha1-cLL6mAxDGzmtPFtLU+NqHWCVfWU=",
      "requires": {
        "@antv/g-base": "^0.5.3",
        "@antv/g-math": "^0.1.6",
        "@antv/util": "~2.0.0",
        "detect-browser": "^5.0.0",
        "tslib": "^2.0.3"
      }
    },
    "@antv/g2": {
      "version": "4.1.20",
      "resolved": "https://registry.nlark.com/@antv/g2/download/@antv/g2-4.1.20.tgz",
      "integrity": "sha1-RJW2JqoFJyY0vbVj/oOn8zXdvmw=",
      "requires": {
        "@antv/adjust": "^0.2.1",
        "@antv/attr": "^0.3.1",
        "@antv/color-util": "^2.0.2",
        "@antv/component": "^0.8.7",
        "@antv/coord": "^0.3.0",
        "@antv/dom-util": "^2.0.2",
        "@antv/event-emitter": "~0.1.0",
        "@antv/g-base": "~0.5.6",
        "@antv/g-canvas": "~0.5.10",
        "@antv/g-svg": "~0.5.6",
        "@antv/matrix-util": "^3.1.0-beta.1",
        "@antv/path-util": "^2.0.3",
        "@antv/scale": "^0.3.7",
        "@antv/util": "~2.0.5",
        "tslib": "^2.0.0"
      }
    },
    "@antv/g2plot": {
      "version": "2.3.26",
      "resolved": "https://registry.nlark.com/@antv/g2plot/download/@antv/g2plot-2.3.26.tgz?cache=0&sync_timestamp=1625638508955&other_urls=https%3A%2F%2Fregistry.nlark.com%2F%40antv%2Fg2plot%2Fdownload%2F%40antv%2Fg2plot-2.3.26.tgz",
      "integrity": "sha1-kgusmcClKRyo5RDXLr6TGWvjEIc=",
      "requires": {
        "@antv/event-emitter": "^0.1.2",
        "@antv/g2": "^4.1.19",
        "d3-hierarchy": "^2.0.0",
        "d3-regression": "^1.3.5",
        "pdfast": "^0.2.0",
        "size-sensor": "^1.0.1",
        "tslib": "^2.0.3"
      },
      "dependencies": {
        "d3-hierarchy": {
          "version": "2.0.0",
          "resolved": "https://registry.nlark.com/d3-hierarchy/download/d3-hierarchy-2.0.0.tgz?cache=0&sync_timestamp=1622918264427&other_urls=https%3A%2F%2Fregistry.nlark.com%2Fd3-hierarchy%2Fdownload%2Fd3-hierarchy-2.0.0.tgz",
          "integrity": "sha1-2riKWMo+ehvGyrOQ6JZn/MbSAhg="
        }
      }
    },
    "@antv/hierarchy": {
      "version": "0.6.7",
      "resolved": "https://registry.npm.taobao.org/@antv/hierarchy/download/@antv/hierarchy-0.6.7.tgz",
      "integrity": "sha1-vM1Xohdkxbce2MHLpSgXsjWxnFw=",
      "requires": {
        "@antv/util": "^2.0.7"
      }
    },
    "@antv/matrix-util": {
      "version": "3.1.0-beta.2",
      "resolved": "https://registry.npm.taobao.org/@antv/matrix-util/download/@antv/matrix-util-3.1.0-beta.2.tgz",
      "integrity": "sha1-tK+vtw299Sr/yjCNNUbIoJD9I8o=",
      "requires": {
        "@antv/util": "^2.0.9",
        "gl-matrix": "^3.3.0",
        "tslib": "^1.10.0"
      },
      "dependencies": {
        "tslib": {
          "version": "1.14.1",
          "resolved": "https://registry.nlark.com/tslib/download/tslib-1.14.1.tgz",
          "integrity": "sha1-zy04vcNKE0vK8QkcQfZhni9nLQA="
        }
      }
    },
    "@antv/path-util": {
      "version": "2.0.9",
      "resolved": "https://registry.npm.taobao.org/@antv/path-util/download/@antv/path-util-2.0.9.tgz",
      "integrity": "sha1-l25KPPtiGXZ6YC0peyBciNZteyw=",
      "requires": {
        "@antv/util": "^2.0.9",
        "tslib": "^2.0.3"
      }
    },
    "@antv/scale": {
      "version": "0.3.12",
      "resolved": "https://registry.nlark.com/@antv/scale/download/@antv/scale-0.3.12.tgz?cache=0&sync_timestamp=1625571061731&other_urls=https%3A%2F%2Fregistry.nlark.com%2F%40antv%2Fscale%2Fdownload%2F%40antv%2Fscale-0.3.12.tgz",
      "integrity": "sha1-R9u6PjDyML1tJ8ox1CBBBmCGUNs=",
      "requires": {
        "@antv/util": "~2.0.3",
        "fecha": "~4.2.0",
        "tslib": "^2.0.0"
      }
    },
    "@antv/util": {
      "version": "2.0.14",
      "resolved": "https://registry.nlark.com/@antv/util/download/@antv/util-2.0.14.tgz?cache=0&sync_timestamp=1624536852270&other_urls=https%3A%2F%2Fregistry.nlark.com%2F%40antv%2Futil%2Fdownload%2F%40antv%2Futil-2.0.14.tgz",
      "integrity": "sha1-GsjE95C+r2Vy2uz2LfaqVfoKMd8=",
      "requires": {
        "tslib": "^2.0.3"
      }
    },
    "@babel/helper-validator-identifier": {
      "version": "7.14.5",
      "resolved": "https://registry.nlark.com/@babel/helper-validator-identifier/download/@babel/helper-validator-identifier-7.14.5.tgz?cache=0&sync_timestamp=1623280518972&other_urls=https%3A%2F%2Fregistry.nlark.com%2F%40babel%2Fhelper-validator-identifier%2Fdownload%2F%40babel%2Fhelper-validator-identifier-7.14.5.tgz",
      "integrity": "sha1-0PDid8US4Mk4J3+qhaOWjJpEwOg="
    },
    "@babel/parser": {
      "version": "7.14.7",
      "resolved": "https://registry.nlark.com/@babel/parser/download/@babel/parser-7.14.7.tgz",
      "integrity": "sha1-YJlyDIg5yoZaJjfmyFhS6tC9tZU="
    },
    "@babel/types": {
      "version": "7.14.5",
      "resolved": "https://registry.nlark.com/@babel/types/download/@babel/types-7.14.5.tgz?cache=0&sync_timestamp=1623280355970&other_urls=https%3A%2F%2Fregistry.nlark.com%2F%40babel%2Ftypes%2Fdownload%2F%40babel%2Ftypes-7.14.5.tgz",
      "integrity": "sha1-O7mXuoKaIQTO2yBonEpbgSHTg/8=",
      "requires": {
        "@babel/helper-validator-identifier": "^7.14.5",
        "to-fast-properties": "^2.0.0"
      }
    },
    "@popperjs/core": {
      "version": "2.9.2",
      "resolved": "https://registry.npm.taobao.org/@popperjs/core/download/@popperjs/core-2.9.2.tgz?cache=0&sync_timestamp=1617290324040&other_urls=https%3A%2F%2Fregistry.npm.taobao.org%2F%40popperjs%2Fcore%2Fdownload%2F%40popperjs%2Fcore-2.9.2.tgz",
      "integrity": "sha1-rep7aVPLs0ZRdmsFSEaOdDxqI1M="
    },
    "@types/d3-timer": {
      "version": "2.0.1",
      "resolved": "https://registry.nlark.com/@types/d3-timer/download/@types/d3-timer-2.0.1.tgz?cache=0&sync_timestamp=1624709661921&other_urls=https%3A%2F%2Fregistry.nlark.com%2F%40types%2Fd3-timer%2Fdownload%2F%40types%2Fd3-timer-2.0.1.tgz",
      "integrity": "sha1-/7ZiDSkGJPNyaqNiwMiktEyNcgA="
    },
    "@types/estree": {
      "version": "0.0.48",
      "resolved": "https://registry.nlark.com/@types/estree/download/@types/estree-0.0.48.tgz",
      "integrity": "sha1-GNyAkbKF35DbLyWqfZBs/DlLf3Q=",
      "dev": true
    },
    "@types/lodash": {
      "version": "4.14.171",
      "resolved": "https://registry.nlark.com/@types/lodash/download/@types/lodash-4.14.171.tgz",
      "integrity": "sha1-8Bs6X+NJnjS2IsNipGpgn9sjVzs="
    },
    "@vitejs/plugin-vue": {
      "version": "1.2.4",
      "resolved": "https://registry.nlark.com/@vitejs/plugin-vue/download/@vitejs/plugin-vue-1.2.4.tgz",
      "integrity": "sha1-p6puajHFVqi3gd5zAxbe7s9/VvI=",
      "dev": true
    },
    "@vue/compiler-core": {
      "version": "3.1.4",
      "resolved": "https://registry.nlark.com/@vue/compiler-core/download/@vue/compiler-core-3.1.4.tgz",
      "integrity": "sha1-o6dM9S6PAa84bTZKyKCZy+smBCQ=",
      "requires": {
        "@babel/parser": "^7.12.0",
        "@babel/types": "^7.12.0",
        "@vue/shared": "3.1.4",
        "estree-walker": "^2.0.1",
        "source-map": "^0.6.1"
      }
    },
    "@vue/compiler-dom": {
      "version": "3.1.4",
      "resolved": "https://registry.nlark.com/@vue/compiler-dom/download/@vue/compiler-dom-3.1.4.tgz",
      "integrity": "sha1-vzeV4USfMsll04xOptgIygX9/Jc=",
      "requires": {
        "@vue/compiler-core": "3.1.4",
        "@vue/shared": "3.1.4"
      }
    },
    "@vue/compiler-sfc": {
      "version": "3.1.4",
      "resolved": "https://registry.nlark.com/@vue/compiler-sfc/download/@vue/compiler-sfc-3.1.4.tgz",
      "integrity": "sha1-k+h9uVDgcRM5wYuqe7fSjTUi17w=",
      "dev": true,
      "requires": {
        "@babel/parser": "^7.13.9",
        "@babel/types": "^7.13.0",
        "@types/estree": "^0.0.48",
        "@vue/compiler-core": "3.1.4",
        "@vue/compiler-dom": "3.1.4",
        "@vue/compiler-ssr": "3.1.4",
        "@vue/shared": "3.1.4",
        "consolidate": "^0.16.0",
        "estree-walker": "^2.0.1",
        "hash-sum": "^2.0.0",
        "lru-cache": "^5.1.1",
        "magic-string": "^0.25.7",
        "merge-source-map": "^1.1.0",
        "postcss": "^8.1.10",
        "postcss-modules": "^4.0.0",
        "postcss-selector-parser": "^6.0.4",
        "source-map": "^0.6.1"
      }
    },
    "@vue/compiler-ssr": {
      "version": "3.1.4",
      "resolved": "https://registry.nlark.com/@vue/compiler-ssr/download/@vue/compiler-ssr-3.1.4.tgz",
      "integrity": "sha1-f26qxbGFH8FcgsCD6BeesSFrMDw=",
      "dev": true,
      "requires": {
        "@vue/compiler-dom": "3.1.4",
        "@vue/shared": "3.1.4"
      }
    },
    "@vue/devtools-api": {
      "version": "6.0.0-beta.15",
      "resolved": "https://registry.nlark.com/@vue/devtools-api/download/@vue/devtools-api-6.0.0-beta.15.tgz?cache=0&sync_timestamp=1624900514906&other_urls=https%3A%2F%2Fregistry.nlark.com%2F%40vue%2Fdevtools-api%2Fdownload%2F%40vue%2Fdevtools-api-6.0.0-beta.15.tgz",
      "integrity": "sha1-rXyzhOBi8WW8+cg3MhJb/7wq2D0="
    },
    "@vue/reactivity": {
      "version": "3.1.4",
      "resolved": "https://registry.nlark.com/@vue/reactivity/download/@vue/reactivity-3.1.4.tgz",
      "integrity": "sha1-2SbtRvsNSFgsz4ZlsGLTe101upk=",
      "requires": {
        "@vue/shared": "3.1.4"
      }
    },
    "@vue/runtime-core": {
      "version": "3.1.4",
      "resolved": "https://registry.nlark.com/@vue/runtime-core/download/@vue/runtime-core-3.1.4.tgz",
      "integrity": "sha1-PjCubsv/8G31rclBRJEUMZGjdbo=",
      "requires": {
        "@vue/reactivity": "3.1.4",
        "@vue/shared": "3.1.4"
      }
    },
    "@vue/runtime-dom": {
      "version": "3.1.4",
      "resolved": "https://registry.nlark.com/@vue/runtime-dom/download/@vue/runtime-dom-3.1.4.tgz",
      "integrity": "sha1-rP7uIA1cRfwsvfcFjNoUmPm0WEk=",
      "requires": {
        "@vue/runtime-core": "3.1.4",
        "@vue/shared": "3.1.4",
        "csstype": "^2.6.8"
      }
    },
    "@vue/shared": {
      "version": "3.1.4",
      "resolved": "https://registry.nlark.com/@vue/shared/download/@vue/shared-3.1.4.tgz?cache=0&sync_timestamp=1625229523024&other_urls=https%3A%2F%2Fregistry.nlark.com%2F%40vue%2Fshared%2Fdownload%2F%40vue%2Fshared-3.1.4.tgz",
      "integrity": "sha1-wUxGHsQuosFVbob2CwNUNB2RrcM="
    },
    "abs-svg-path": {
      "version": "0.1.1",
      "resolved": "https://registry.npm.taobao.org/abs-svg-path/download/abs-svg-path-0.1.1.tgz",
      "integrity": "sha1-32Acjo0roQ1KdtYl4japo5wnI78="
    },
    "async-validator": {
      "version": "3.5.2",
      "resolved": "https://registry.nlark.com/async-validator/download/async-validator-3.5.2.tgz",
      "integrity": "sha1-aOhmqWgk6LJpT/eoMcGiXETV5QA="
    },
    "axios": {
      "version": "0.21.1",
      "resolved": "https://registry.npm.taobao.org/axios/download/axios-0.21.1.tgz?cache=0&sync_timestamp=1608611162952&other_urls=https%3A%2F%2Fregistry.npm.taobao.org%2Faxios%2Fdownload%2Faxios-0.21.1.tgz",
      "integrity": "sha1-IlY0gZYvTWvemnbVFu8OXTwJsrg=",
      "requires": {
        "follow-redirects": "^1.10.0"
      }
    },
    "big.js": {
      "version": "5.2.2",
      "resolved": "https://registry.nlark.com/big.js/download/big.js-5.2.2.tgz",
      "integrity": "sha1-ZfCvOC9Xi83HQr2cKB6cstd2gyg=",
      "dev": true
    },
    "bluebird": {
      "version": "3.7.2",
      "resolved": "https://registry.npm.taobao.org/bluebird/download/bluebird-3.7.2.tgz",
      "integrity": "sha1-nyKcFb4nJFT/qXOs4NvueaGww28=",
      "dev": true
    },
    "call-bind": {
      "version": "1.0.2",
      "resolved": "https://registry.nlark.com/call-bind/download/call-bind-1.0.2.tgz",
      "integrity": "sha1-sdTonmiBGcPJqQOtMKuy9qkZvjw=",
      "requires": {
        "function-bind": "^1.1.1",
        "get-intrinsic": "^1.0.2"
      }
    },
    "colorette": {
      "version": "1.2.2",
      "resolved": "https://registry.npm.taobao.org/colorette/download/colorette-1.2.2.tgz?cache=0&sync_timestamp=1614259623635&other_urls=https%3A%2F%2Fregistry.npm.taobao.org%2Fcolorette%2Fdownload%2Fcolorette-1.2.2.tgz",
      "integrity": "sha1-y8x51emcrqLb8Q6zom/Ys+as+pQ=",
      "dev": true
    },
    "commander": {
      "version": "2.20.3",
      "resolved": "https://registry.nlark.com/commander/download/commander-2.20.3.tgz?cache=0&sync_timestamp=1624609539421&other_urls=https%3A%2F%2Fregistry.nlark.com%2Fcommander%2Fdownload%2Fcommander-2.20.3.tgz",
      "integrity": "sha1-/UhehMA+tIgcIHIrpIA16FMa6zM="
    },
    "consolidate": {
      "version": "0.16.0",
      "resolved": "https://registry.npm.taobao.org/consolidate/download/consolidate-0.16.0.tgz?cache=0&sync_timestamp=1599596863404&other_urls=https%3A%2F%2Fregistry.npm.taobao.org%2Fconsolidate%2Fdownload%2Fconsolidate-0.16.0.tgz",
      "integrity": "sha1-oRhkdokw8vGUMWYKZZBmaPX73BY=",
      "dev": true,
      "requires": {
        "bluebird": "^3.7.2"
      }
    },
    "cssesc": {
      "version": "3.0.0",
      "resolved": "https://registry.npm.taobao.org/cssesc/download/cssesc-3.0.0.tgz",
      "integrity": "sha1-N3QZGZA7hoVl4cCep0dEXNGJg+4=",
      "dev": true
    },
    "csstype": {
      "version": "2.6.17",
      "resolved": "https://registry.nlark.com/csstype/download/csstype-2.6.17.tgz?cache=0&sync_timestamp=1618818466657&other_urls=https%3A%2F%2Fregistry.nlark.com%2Fcsstype%2Fdownload%2Fcsstype-2.6.17.tgz",
      "integrity": "sha1-TPMOuH4dGgBdi2UQ+VKSQT9qHA4="
    },
    "d3-array": {
      "version": "2.12.1",
      "resolved": "https://registry.nlark.com/d3-array/download/d3-array-2.12.1.tgz",
      "integrity": "sha1-4gtBqvzf/fXVCSgATs7PgVpGXoE=",
      "requires": {
        "internmap": "^1.0.0"
      }
    },
    "d3-collection": {
      "version": "1.0.7",
      "resolved": "https://registry.npm.taobao.org/d3-collection/download/d3-collection-1.0.7.tgz",
      "integrity": "sha1-NJvSqpl32wcQkcExRNXk8WtbMQ4="
    },
    "d3-color": {
      "version": "1.4.1",
      "resolved": "https://registry.nlark.com/d3-color/download/d3-color-1.4.1.tgz?cache=0&sync_timestamp=1622917832534&other_urls=https%3A%2F%2Fregistry.nlark.com%2Fd3-color%2Fdownload%2Fd3-color-1.4.1.tgz",
      "integrity": "sha1-xSACv4hGraRCTVXZeYL+8m6zvIo="
    },
    "d3-composite-projections": {
      "version": "1.4.0",
      "resolved": "https://registry.npm.taobao.org/d3-composite-projections/download/d3-composite-projections-1.4.0.tgz",
      "integrity": "sha1-J7GC+mNaWGk0n+kRzgGAuXTRfxI=",
      "requires": {
        "d3-geo": "^2.0.1",
        "d3-path": "^2.0.0"
      },
      "dependencies": {
        "d3-geo": {
          "version": "2.0.2",
          "resolved": "https://registry.nlark.com/d3-geo/download/d3-geo-2.0.2.tgz",
          "integrity": "sha1-wGXBtx/oxfG+ZX5fQ9m90BA4PEA=",
          "requires": {
            "d3-array": "^2.5.0"
          }
        }
      }
    },
    "d3-dsv": {
      "version": "1.2.0",
      "resolved": "https://registry.nlark.com/d3-dsv/download/d3-dsv-1.2.0.tgz",
      "integrity": "sha1-nV91w6X4q9YR900/WEew1DOLiFw=",
      "requires": {
        "commander": "2",
        "iconv-lite": "0.4",
        "rw": "1"
      }
    },
    "d3-ease": {
      "version": "1.0.7",
      "resolved": "https://registry.nlark.com/d3-ease/download/d3-ease-1.0.7.tgz?cache=0&sync_timestamp=1622918263267&other_urls=https%3A%2F%2Fregistry.nlark.com%2Fd3-ease%2Fdownload%2Fd3-ease-1.0.7.tgz",
      "integrity": "sha1-moNIkO+LiujFWLL+Vb1X9Zk7heI="
    },
    "d3-geo": {
      "version": "1.6.4",
      "resolved": "https://registry.nlark.com/d3-geo/download/d3-geo-1.6.4.tgz",
      "integrity": "sha1-8g4eRhyxhF9ai+Vatvh2VCp+MZk=",
      "requires": {
        "d3-array": "1"
      },
      "dependencies": {
        "d3-array": {
          "version": "1.2.4",
          "resolved": "https://registry.nlark.com/d3-array/download/d3-array-1.2.4.tgz",
          "integrity": "sha1-Y1zk1e6nWfb2BYY9vPww7cc39x8="
        }
      }
    },
    "d3-geo-projection": {
      "version": "2.1.2",
      "resolved": "https://registry.nlark.com/d3-geo-projection/download/d3-geo-projection-2.1.2.tgz",
      "integrity": "sha1-ffjh6dBG1jHGUJ9+UxNX1K3CSqM=",
      "requires": {
        "commander": "2",
        "d3-array": "1",
        "d3-geo": "^1.1.0"
      },
      "dependencies": {
        "d3-array": {
          "version": "1.2.4",
          "resolved": "https://registry.nlark.com/d3-array/download/d3-array-1.2.4.tgz",
          "integrity": "sha1-Y1zk1e6nWfb2BYY9vPww7cc39x8="
        }
      }
    },
    "d3-hexjson": {
      "version": "1.1.1",
      "resolved": "https://registry.npm.taobao.org/d3-hexjson/download/d3-hexjson-1.1.1.tgz",
      "integrity": "sha1-oeJk/5A7sJuPj0vFnHJEepH0YP4=",
      "requires": {
        "d3-array": "1"
      },
      "dependencies": {
        "d3-array": {
          "version": "1.2.4",
          "resolved": "https://registry.nlark.com/d3-array/download/d3-array-1.2.4.tgz",
          "integrity": "sha1-Y1zk1e6nWfb2BYY9vPww7cc39x8="
        }
      }
    },
    "d3-hierarchy": {
      "version": "1.1.9",
      "resolved": "https://registry.nlark.com/d3-hierarchy/download/d3-hierarchy-1.1.9.tgz?cache=0&sync_timestamp=1622918264427&other_urls=https%3A%2F%2Fregistry.nlark.com%2Fd3-hierarchy%2Fdownload%2Fd3-hierarchy-1.1.9.tgz",
      "integrity": "sha1-L2vuJMqupD+Nw3VF+gFihVlkeoM="
    },
    "d3-interpolate": {
      "version": "1.4.0",
      "resolved": "https://registry.nlark.com/d3-interpolate/download/d3-interpolate-1.4.0.tgz",
      "integrity": "sha1-Um554tgNqjg/ngwcHH3MDwWD6Yc=",
      "requires": {
        "d3-color": "1"
      }
    },
    "d3-path": {
      "version": "2.0.0",
      "resolved": "https://registry.nlark.com/d3-path/download/d3-path-2.0.0.tgz?cache=0&sync_timestamp=1622917833000&other_urls=https%3A%2F%2Fregistry.nlark.com%2Fd3-path%2Fdownload%2Fd3-path-2.0.0.tgz",
      "integrity": "sha1-VdhqwTGgVIra4kHuv7VrRYLdCdg="
    },
    "d3-regression": {
      "version": "1.3.9",
      "resolved": "https://registry.nlark.com/d3-regression/download/d3-regression-1.3.9.tgz",
      "integrity": "sha1-YcNKy5trvZFy7eifBdC3+9V8zcA="
    },
    "d3-sankey": {
      "version": "0.9.1",
      "resolved": "https://registry.npm.taobao.org/d3-sankey/download/d3-sankey-0.9.1.tgz",
      "integrity": "sha1-uFAUWjKEERY23eyQ39qMZJGb7k4=",
      "requires": {
        "d3-array": "1",
        "d3-collection": "1",
        "d3-shape": "^1.2.0"
      },
      "dependencies": {
        "d3-array": {
          "version": "1.2.4",
          "resolved": "https://registry.nlark.com/d3-array/download/d3-array-1.2.4.tgz",
          "integrity": "sha1-Y1zk1e6nWfb2BYY9vPww7cc39x8="
        }
      }
    },
    "d3-shape": {
      "version": "1.3.7",
      "resolved": "https://registry.nlark.com/d3-shape/download/d3-shape-1.3.7.tgz?cache=0&sync_timestamp=1622917833478&other_urls=https%3A%2F%2Fregistry.nlark.com%2Fd3-shape%2Fdownload%2Fd3-shape-1.3.7.tgz",
      "integrity": "sha1-32OAG+B7yYa8VPY3ibT+UCmStdc=",
      "requires": {
        "d3-path": "1"
      },
      "dependencies": {
        "d3-path": {
          "version": "1.0.9",
          "resolved": "https://registry.nlark.com/d3-path/download/d3-path-1.0.9.tgz?cache=0&sync_timestamp=1622917833000&other_urls=https%3A%2F%2Fregistry.nlark.com%2Fd3-path%2Fdownload%2Fd3-path-1.0.9.tgz",
          "integrity": "sha1-SMBQux/owmJJOoyvVSTj6VkXAc8="
        }
      }
    },
    "d3-timer": {
      "version": "1.0.10",
      "resolved": "https://registry.nlark.com/d3-timer/download/d3-timer-1.0.10.tgz",
      "integrity": "sha1-3+dripF0iDGxO22ceT/71QjdneU="
    },
    "d3-voronoi": {
      "version": "1.1.4",
      "resolved": "https://registry.npm.taobao.org/d3-voronoi/download/d3-voronoi-1.1.4.tgz",
      "integrity": "sha1-3Tx412U9K7NZKErkeGRdlZRMgpc="
    },
    "dagre": {
      "version": "0.8.5",
      "resolved": "https://registry.npm.taobao.org/dagre/download/dagre-0.8.5.tgz",
      "integrity": "sha1-ujCwBV2sErbB/MJHgXRCd30Gr+4=",
      "requires": {
        "graphlib": "^2.1.8",
        "lodash": "^4.17.15"
      }
    },
    "dayjs": {
      "version": "1.10.6",
      "resolved": "https://registry.nlark.com/dayjs/download/dayjs-1.10.6.tgz",
      "integrity": "sha1-KIsqqC8thBimydTfWJjAc3rQKmM="
    },
    "detect-browser": {
      "version": "5.2.0",
      "resolved": "https://registry.npm.taobao.org/detect-browser/download/detect-browser-5.2.0.tgz",
      "integrity": "sha1-yc1a+pamoZ/aC76em+SKa24enJc="
    },
    "element-plus": {
      "version": "1.0.2-beta.55",
      "resolved": "https://registry.nlark.com/element-plus/download/element-plus-1.0.2-beta.55.tgz",
      "integrity": "sha1-2ViGZJVgxO3yFWjm1Kgi5MdPzdA=",
      "requires": {
        "@popperjs/core": "^2.4.4",
        "@types/lodash": "^4.14.161",
        "async-validator": "^3.4.0",
        "dayjs": "1.x",
        "lodash": "^4.17.20",
        "mitt": "^2.1.0",
        "normalize-wheel": "^1.0.1",
        "resize-observer-polyfill": "^1.5.1"
      }
    },
    "emojis-list": {
      "version": "3.0.0",
      "resolved": "https://registry.npm.taobao.org/emojis-list/download/emojis-list-3.0.0.tgz",
      "integrity": "sha1-VXBmIEatKeLpFucariYKvf9Pang=",
      "dev": true
    },
    "esbuild": {
      "version": "0.12.15",
      "resolved": "https://registry.nlark.com/esbuild/download/esbuild-0.12.15.tgz",
      "integrity": "sha1-nZnPOa6yGIJlxZg+mD4jaCnwivA=",
      "dev": true
    },
    "estree-walker": {
      "version": "2.0.2",
      "resolved": "https://registry.npm.taobao.org/estree-walker/download/estree-walker-2.0.2.tgz",
      "integrity": "sha1-UvAQF4wqTBF6d1fP6UKtt9LaTKw="
    },
    "fecha": {
      "version": "4.2.1",
      "resolved": "https://registry.npm.taobao.org/fecha/download/fecha-4.2.1.tgz?cache=0&sync_timestamp=1617639899258&other_urls=https%3A%2F%2Fregistry.npm.taobao.org%2Ffecha%2Fdownload%2Ffecha-4.2.1.tgz",
      "integrity": "sha1-CoOtj4bvYqCR4iu1oDnNA9I+7M4="
    },
    "follow-redirects": {
      "version": "1.14.1",
      "resolved": "https://registry.nlark.com/follow-redirects/download/follow-redirects-1.14.1.tgz?cache=0&sync_timestamp=1620555300559&other_urls=https%3A%2F%2Fregistry.nlark.com%2Ffollow-redirects%2Fdownload%2Ffollow-redirects-1.14.1.tgz",
      "integrity": "sha1-2RFN7Qoc/dM04WTmZirQK/2R/0M="
    },
    "fsevents": {
      "version": "2.3.2",
      "resolved": "https://registry.npm.taobao.org/fsevents/download/fsevents-2.3.2.tgz",
      "integrity": "sha1-ilJveLj99GI7cJ4Ll1xSwkwC/Ro=",
      "dev": true,
      "optional": true
    },
    "function-bind": {
      "version": "1.1.1",
      "resolved": "https://registry.npm.taobao.org/function-bind/download/function-bind-1.1.1.tgz",
      "integrity": "sha1-pWiZ0+o8m6uHS7l3O3xe3pL0iV0="
    },
    "generic-names": {
      "version": "2.0.1",
      "resolved": "https://registry.npm.taobao.org/generic-names/download/generic-names-2.0.1.tgz?cache=0&sync_timestamp=1603542291410&other_urls=https%3A%2F%2Fregistry.npm.taobao.org%2Fgeneric-names%2Fdownload%2Fgeneric-names-2.0.1.tgz",
      "integrity": "sha1-+KN46tLMqno08DF7BVVIMq5BuHI=",
      "dev": true,
      "requires": {
        "loader-utils": "^1.1.0"
      }
    },
    "get-intrinsic": {
      "version": "1.1.1",
      "resolved": "https://registry.nlark.com/get-intrinsic/download/get-intrinsic-1.1.1.tgz",
      "integrity": "sha1-FfWfN2+FXERpY5SPDSTNNje0q8Y=",
      "requires": {
        "function-bind": "^1.1.1",
        "has": "^1.0.3",
        "has-symbols": "^1.0.1"
      }
    },
    "gl-matrix": {
      "version": "3.3.0",
      "resolved": "https://registry.npm.taobao.org/gl-matrix/download/gl-matrix-3.3.0.tgz",
      "integrity": "sha1-Iy7vYLHIswooy751ssr2xI/WNYs="
    },
    "graphlib": {
      "version": "2.1.8",
      "resolved": "https://registry.npm.taobao.org/graphlib/download/graphlib-2.1.8.tgz",
      "integrity": "sha1-V2HUFHN4cAhMkux7XbywWSydNdo=",
      "requires": {
        "lodash": "^4.17.15"
      }
    },
    "has": {
      "version": "1.0.3",
      "resolved": "https://registry.npm.taobao.org/has/download/has-1.0.3.tgz",
      "integrity": "sha1-ci18v8H2qoJB8W3YFOAR4fQeh5Y=",
      "requires": {
        "function-bind": "^1.1.1"
      }
    },
    "has-symbols": {
      "version": "1.0.2",
      "resolved": "https://registry.npm.taobao.org/has-symbols/download/has-symbols-1.0.2.tgz?cache=0&sync_timestamp=1614443484522&other_urls=https%3A%2F%2Fregistry.npm.taobao.org%2Fhas-symbols%2Fdownload%2Fhas-symbols-1.0.2.tgz",
      "integrity": "sha1-Fl0wcMADCXUqEjakeTMeOsVvFCM="
    },
    "hash-sum": {
      "version": "2.0.0",
      "resolved": "https://registry.npm.taobao.org/hash-sum/download/hash-sum-2.0.0.tgz",
      "integrity": "sha1-gdAbtd6OpKIUrV1urRtSNGCwtFo=",
      "dev": true
    },
    "iconv-lite": {
      "version": "0.4.24",
      "resolved": "https://registry.nlark.com/iconv-lite/download/iconv-lite-0.4.24.tgz",
      "integrity": "sha1-ICK0sl+93CHS9SSXSkdKr+czkIs=",
      "requires": {
        "safer-buffer": ">= 2.1.2 < 3"
      }
    },
    "icss-replace-symbols": {
      "version": "1.1.0",
      "resolved": "https://registry.npm.taobao.org/icss-replace-symbols/download/icss-replace-symbols-1.1.0.tgz",
      "integrity": "sha1-Bupvg2ead0njhs/h/oEq5dsiPe0=",
      "dev": true
    },
    "icss-utils": {
      "version": "5.1.0",
      "resolved": "https://registry.npm.taobao.org/icss-utils/download/icss-utils-5.1.0.tgz?cache=0&sync_timestamp=1605801458520&other_urls=https%3A%2F%2Fregistry.npm.taobao.org%2Ficss-utils%2Fdownload%2Ficss-utils-5.1.0.tgz",
      "integrity": "sha1-xr5oWKvQE9do6YNmrkfiXViHsa4=",
      "dev": true
    },
    "internmap": {
      "version": "1.0.1",
      "resolved": "https://registry.nlark.com/internmap/download/internmap-1.0.1.tgz?cache=0&sync_timestamp=1622917359701&other_urls=https%3A%2F%2Fregistry.nlark.com%2Finternmap%2Fdownload%2Finternmap-1.0.1.tgz",
      "integrity": "sha1-ABfMijuZYF8DAvKxmNJy4BXl35U="
    },
    "is-core-module": {
      "version": "2.4.0",
      "resolved": "https://registry.nlark.com/is-core-module/download/is-core-module-2.4.0.tgz?cache=0&other_urls=https%3A%2F%2Fregistry.nlark.com%2Fis-core-module%2Fdownload%2Fis-core-module-2.4.0.tgz",
      "integrity": "sha1-jp/I4VAnsBFBgCbpjw5vTYYwXME=",
      "dev": true,
      "requires": {
        "has": "^1.0.3"
      }
    },
    "isarray": {
      "version": "0.0.1",
      "resolved": "https://registry.npm.taobao.org/isarray/download/isarray-0.0.1.tgz",
      "integrity": "sha1-ihis/Kmo9Bd+Cav8YDiTmwXR7t8="
    },
    "json5": {
      "version": "1.0.1",
      "resolved": "https://registry.npm.taobao.org/json5/download/json5-1.0.1.tgz",
      "integrity": "sha1-d5+wAYYE+oVOrL9iUhgNg1Q+Pb4=",
      "dev": true,
      "requires": {
        "minimist": "^1.2.0"
      }
    },
    "loader-utils": {
      "version": "1.4.0",
      "resolved": "https://registry.npm.taobao.org/loader-utils/download/loader-utils-1.4.0.tgz",
      "integrity": "sha1-xXm140yzSxp07cbB+za/o3HVphM=",
      "dev": true,
      "requires": {
        "big.js": "^5.2.2",
        "emojis-list": "^3.0.0",
        "json5": "^1.0.1"
      }
    },
    "lodash": {
      "version": "4.17.21",
      "resolved": "https://registry.npm.taobao.org/lodash/download/lodash-4.17.21.tgz",
      "integrity": "sha1-Z5WRxWTDv/quhFTPCz3zcMPWkRw="
    },
    "lodash.camelcase": {
      "version": "4.3.0",
      "resolved": "https://registry.npm.taobao.org/lodash.camelcase/download/lodash.camelcase-4.3.0.tgz?cache=0&sync_timestamp=1577806297529&other_urls=https%3A%2F%2Fregistry.npm.taobao.org%2Flodash.camelcase%2Fdownload%2Flodash.camelcase-4.3.0.tgz",
      "integrity": "sha1-soqmKIorn8ZRA1x3EfZathkDMaY=",
      "dev": true
    },
    "lru-cache": {
      "version": "5.1.1",
      "resolved": "https://registry.npm.taobao.org/lru-cache/download/lru-cache-5.1.1.tgz?cache=0&sync_timestamp=1594427573763&other_urls=https%3A%2F%2Fregistry.npm.taobao.org%2Flru-cache%2Fdownload%2Flru-cache-5.1.1.tgz",
      "integrity": "sha1-HaJ+ZxAnGUdpXa9oSOhH8B2EuSA=",
      "dev": true,
      "requires": {
        "yallist": "^3.0.2"
      }
    },
    "magic-string": {
      "version": "0.25.7",
      "resolved": "https://registry.npm.taobao.org/magic-string/download/magic-string-0.25.7.tgz",
      "integrity": "sha1-P0l9b9NMZpxnmNy4IfLvMfVEUFE=",
      "dev": true,
      "requires": {
        "sourcemap-codec": "^1.4.4"
      }
    },
    "merge-source-map": {
      "version": "1.1.0",
      "resolved": "https://registry.npm.taobao.org/merge-source-map/download/merge-source-map-1.1.0.tgz",
      "integrity": "sha1-L93n5gIJOfcJBqaPLXrmheTIxkY=",
      "dev": true,
      "requires": {
        "source-map": "^0.6.1"
      }
    },
    "minimist": {
      "version": "1.2.5",
      "resolved": "https://registry.npm.taobao.org/minimist/download/minimist-1.2.5.tgz",
      "integrity": "sha1-Z9ZgFLZqaoqqDAg8X9WN9OTpdgI=",
      "dev": true
    },
    "mitt": {
      "version": "2.1.0",
      "resolved": "https://registry.nlark.com/mitt/download/mitt-2.1.0.tgz",
      "integrity": "sha1-90BXfCMXbGIFsSGylzUU6t4bIjA="
    },
    "moment": {
      "version": "2.29.1",
      "resolved": "https://registry.npm.taobao.org/moment/download/moment-2.29.1.tgz",
      "integrity": "sha1-sr52n6MZQL6e7qZGnAdeNQBvo9M="
    },
    "nanoid": {
      "version": "3.1.23",
      "resolved": "https://registry.nlark.com/nanoid/download/nanoid-3.1.23.tgz",
      "integrity": "sha1-90QIbOfCvEfuCoRyV01ceOQYOoE=",
      "dev": true
    },
    "normalize-wheel": {
      "version": "1.0.1",
      "resolved": "https://registry.npm.taobao.org/normalize-wheel/download/normalize-wheel-1.0.1.tgz",
      "integrity": "sha1-rsiGr/2wRQcNhWRH32Ls+GFG7EU="
    },
    "object-inspect": {
      "version": "1.10.3",
      "resolved": "https://registry.nlark.com/object-inspect/download/object-inspect-1.10.3.tgz",
      "integrity": "sha1-wqp9LQn1DJk3VwT3oK3yTFeC02k="
    },
    "parse-svg-path": {
      "version": "0.1.2",
      "resolved": "https://registry.npm.taobao.org/parse-svg-path/download/parse-svg-path-0.1.2.tgz",
      "integrity": "sha1-en7A0esG+lMlx9PgCbhZoJtdSes="
    },
    "path-parse": {
      "version": "1.0.7",
      "resolved": "https://registry.nlark.com/path-parse/download/path-parse-1.0.7.tgz",
      "integrity": "sha1-+8EUtgykKzDZ2vWFjkvWi77bZzU=",
      "dev": true
    },
    "pdfast": {
      "version": "0.2.0",
      "resolved": "https://registry.nlark.com/pdfast/download/pdfast-0.2.0.tgz?cache=0&sync_timestamp=1623222599001&other_urls=https%3A%2F%2Fregistry.nlark.com%2Fpdfast%2Fdownload%2Fpdfast-0.2.0.tgz",
      "integrity": "sha1-jLxVbhvyUiF3eHwN4uDUNzuohck="
    },
    "point-at-length": {
      "version": "1.1.0",
      "resolved": "https://registry.npm.taobao.org/point-at-length/download/point-at-length-1.1.0.tgz",
      "integrity": "sha1-CtcuvQmA1/WhqxIpbAVfnrazDlc=",
      "requires": {
        "abs-svg-path": "~0.1.1",
        "isarray": "~0.0.1",
        "parse-svg-path": "~0.1.1"
      }
    },
    "postcss": {
      "version": "8.3.5",
      "resolved": "https://registry.nlark.com/postcss/download/postcss-8.3.5.tgz",
      "integrity": "sha1-mCIWsRNBK8IKhiiekeuZSVKltwk=",
      "dev": true,
      "requires": {
        "colorette": "^1.2.2",
        "nanoid": "^3.1.23",
        "source-map-js": "^0.6.2"
      }
    },
    "postcss-modules": {
      "version": "4.1.3",
      "resolved": "https://registry.nlark.com/postcss-modules/download/postcss-modules-4.1.3.tgz",
      "integrity": "sha1-xMTEHZjZfSTHDojaz8l69aSz4h0=",
      "dev": true,
      "requires": {
        "generic-names": "^2.0.1",
        "icss-replace-symbols": "^1.1.0",
        "lodash.camelcase": "^4.3.0",
        "postcss-modules-extract-imports": "^3.0.0",
        "postcss-modules-local-by-default": "^4.0.0",
        "postcss-modules-scope": "^3.0.0",
        "postcss-modules-values": "^4.0.0",
        "string-hash": "^1.1.1"
      }
    },
    "postcss-modules-extract-imports": {
      "version": "3.0.0",
      "resolved": "https://registry.npm.taobao.org/postcss-modules-extract-imports/download/postcss-modules-extract-imports-3.0.0.tgz?cache=0&sync_timestamp=1602588196213&other_urls=https%3A%2F%2Fregistry.npm.taobao.org%2Fpostcss-modules-extract-imports%2Fdownload%2Fpostcss-modules-extract-imports-3.0.0.tgz",
      "integrity": "sha1-zaHwR8CugMl9vijD52pDuIAldB0=",
      "dev": true
    },
    "postcss-modules-local-by-default": {
      "version": "4.0.0",
      "resolved": "https://registry.npm.taobao.org/postcss-modules-local-by-default/download/postcss-modules-local-by-default-4.0.0.tgz?cache=0&sync_timestamp=1602587682123&other_urls=https%3A%2F%2Fregistry.npm.taobao.org%2Fpostcss-modules-local-by-default%2Fdownload%2Fpostcss-modules-local-by-default-4.0.0.tgz",
      "integrity": "sha1-67tU+uFZjuz99pGgKz/zs5ClpRw=",
      "dev": true,
      "requires": {
        "icss-utils": "^5.0.0",
        "postcss-selector-parser": "^6.0.2",
        "postcss-value-parser": "^4.1.0"
      }
    },
    "postcss-modules-scope": {
      "version": "3.0.0",
      "resolved": "https://registry.npm.taobao.org/postcss-modules-scope/download/postcss-modules-scope-3.0.0.tgz?cache=0&sync_timestamp=1602593290698&other_urls=https%3A%2F%2Fregistry.npm.taobao.org%2Fpostcss-modules-scope%2Fdownload%2Fpostcss-modules-scope-3.0.0.tgz",
      "integrity": "sha1-nvMVFFbTu/oSDKRImN/Kby+gHwY=",
      "dev": true,
      "requires": {
        "postcss-selector-parser": "^6.0.4"
      }
    },
    "postcss-modules-values": {
      "version": "4.0.0",
      "resolved": "https://registry.npm.taobao.org/postcss-modules-values/download/postcss-modules-values-4.0.0.tgz",
      "integrity": "sha1-18Xn5ow7s8myfL9Iyguz/7RgLJw=",
      "dev": true,
      "requires": {
        "icss-utils": "^5.0.0"
      }
    },
    "postcss-selector-parser": {
      "version": "6.0.6",
      "resolved": "https://registry.nlark.com/postcss-selector-parser/download/postcss-selector-parser-6.0.6.tgz?cache=0&sync_timestamp=1620752939806&other_urls=https%3A%2F%2Fregistry.nlark.com%2Fpostcss-selector-parser%2Fdownload%2Fpostcss-selector-parser-6.0.6.tgz",
      "integrity": "sha1-LFu6gXSsL2mBq2MaQqsO5UrzMuo=",
      "dev": true,
      "requires": {
        "cssesc": "^3.0.0",
        "util-deprecate": "^1.0.2"
      }
    },
    "postcss-value-parser": {
      "version": "4.1.0",
      "resolved": "https://registry.npm.taobao.org/postcss-value-parser/download/postcss-value-parser-4.1.0.tgz?cache=0&sync_timestamp=1588083303810&other_urls=https%3A%2F%2Fregistry.npm.taobao.org%2Fpostcss-value-parser%2Fdownload%2Fpostcss-value-parser-4.1.0.tgz",
      "integrity": "sha1-RD9qIM7WSBor2k+oUypuVdeJoss=",
      "dev": true
    },
    "qs": {
      "version": "6.10.1",
      "resolved": "https://registry.nlark.com/qs/download/qs-6.10.1.tgz",
      "integrity": "sha1-STFIL6jWR6Wqt5nFJx0hM7mB+2o=",
      "requires": {
        "side-channel": "^1.0.4"
      }
    },
    "regression": {
      "version": "2.0.1",
      "resolved": "https://registry.npm.taobao.org/regression/download/regression-2.0.1.tgz",
      "integrity": "sha1-jSnD6CJKEIUMNeM36FqLL6w7DIc="
    },
    "resize-observer-polyfill": {
      "version": "1.5.1",
      "resolved": "https://registry.npm.taobao.org/resize-observer-polyfill/download/resize-observer-polyfill-1.5.1.tgz",
      "integrity": "sha1-DpAg3T0hAkRY1OvSfiPkAmmBBGQ="
    },
    "resolve": {
      "version": "1.20.0",
      "resolved": "https://registry.npm.taobao.org/resolve/download/resolve-1.20.0.tgz",
      "integrity": "sha1-YpoBP7P3B1XW8LeTXMHCxTeLGXU=",
      "dev": true,
      "requires": {
        "is-core-module": "^2.2.0",
        "path-parse": "^1.0.6"
      }
    },
    "rollup": {
      "version": "2.53.0",
      "resolved": "https://registry.nlark.com/rollup/download/rollup-2.53.0.tgz?cache=0&sync_timestamp=1625805232858&other_urls=https%3A%2F%2Fregistry.nlark.com%2Frollup%2Fdownload%2Frollup-2.53.0.tgz",
      "integrity": "sha1-W2vHggoD82HSrj3KvcmdJpp1Rwk=",
      "dev": true,
      "requires": {
        "fsevents": "~2.3.2"
      }
    },
    "rw": {
      "version": "1.3.3",
      "resolved": "https://registry.npm.taobao.org/rw/download/rw-1.3.3.tgz",
      "integrity": "sha1-P4Yt+pGrdmsUiF700BEkv9oHT7Q="
    },
    "safer-buffer": {
      "version": "2.1.2",
      "resolved": "https://registry.npm.taobao.org/safer-buffer/download/safer-buffer-2.1.2.tgz",
      "integrity": "sha1-RPoWGwGHuVSd2Eu5GAL5vYOFzWo="
    },
    "side-channel": {
      "version": "1.0.4",
      "resolved": "https://registry.nlark.com/side-channel/download/side-channel-1.0.4.tgz",
      "integrity": "sha1-785cj9wQTudRslxY1CkAEfpeos8=",
      "requires": {
        "call-bind": "^1.0.0",
        "get-intrinsic": "^1.0.2",
        "object-inspect": "^1.9.0"
      }
    },
    "simple-statistics": {
      "version": "6.1.1",
      "resolved": "https://registry.npm.taobao.org/simple-statistics/download/simple-statistics-6.1.1.tgz",
      "integrity": "sha1-46B5n/xJkU1vQhxaSsWF9qE+K60="
    },
    "size-sensor": {
      "version": "1.0.1",
      "resolved": "https://registry.npm.taobao.org/size-sensor/download/size-sensor-1.0.1.tgz",
      "integrity": "sha1-+E5GIG0+JZ+v8dVI5LO+ypMhnbs="
    },
    "source-map": {
      "version": "0.6.1",
      "resolved": "https://registry.npm.taobao.org/source-map/download/source-map-0.6.1.tgz",
      "integrity": "sha1-dHIq8y6WFOnCh6jQu95IteLxomM="
    },
    "source-map-js": {
      "version": "0.6.2",
      "resolved": "https://registry.npm.taobao.org/source-map-js/download/source-map-js-0.6.2.tgz",
      "integrity": "sha1-C7XeYxtBz72mz7qL0FqA79/SOF4=",
      "dev": true
    },
    "sourcemap-codec": {
      "version": "1.4.8",
      "resolved": "https://registry.npm.taobao.org/sourcemap-codec/download/sourcemap-codec-1.4.8.tgz",
      "integrity": "sha1-6oBL2UhXQC5pktBaOO8a41qatMQ=",
      "dev": true
    },
    "string-hash": {
      "version": "1.1.3",
      "resolved": "https://registry.npm.taobao.org/string-hash/download/string-hash-1.1.3.tgz",
      "integrity": "sha1-6Kr8CsGFW0Zmkp7X3RJ1311sgRs=",
      "dev": true
    },
    "to-fast-properties": {
      "version": "2.0.0",
      "resolved": "https://registry.npm.taobao.org/to-fast-properties/download/to-fast-properties-2.0.0.tgz?cache=0&sync_timestamp=1580550296062&other_urls=https%3A%2F%2Fregistry.npm.taobao.org%2Fto-fast-properties%2Fdownload%2Fto-fast-properties-2.0.0.tgz",
      "integrity": "sha1-3F5pjL0HkmW8c+A3doGk5Og/YW4="
    },
    "topojson-client": {
      "version": "3.1.0",
      "resolved": "https://registry.npm.taobao.org/topojson-client/download/topojson-client-3.1.0.tgz",
      "integrity": "sha1-Iuix7QiiuSL+60r29Ttu8JpGe5k=",
      "requires": {
        "commander": "2"
      }
    },
    "tslib": {
      "version": "2.3.0",
      "resolved": "https://registry.nlark.com/tslib/download/tslib-2.3.0.tgz",
      "integrity": "sha1-gDuM2rPhK6WBpMpByIObuw2ssJ4="
    },
    "util-deprecate": {
      "version": "1.0.2",
      "resolved": "https://registry.npm.taobao.org/util-deprecate/download/util-deprecate-1.0.2.tgz",
      "integrity": "sha1-RQ1Nyfpw3nMnYvvS1KKJgUGaDM8=",
      "dev": true
    },
    "vite": {
      "version": "2.4.1",
      "resolved": "https://registry.nlark.com/vite/download/vite-2.4.1.tgz?cache=0&sync_timestamp=1625572076976&other_urls=https%3A%2F%2Fregistry.nlark.com%2Fvite%2Fdownload%2Fvite-2.4.1.tgz",
      "integrity": "sha1-Lki42/xp5O2/f00cB5jWIVhcuNo=",
      "dev": true,
      "requires": {
        "esbuild": "^0.12.8",
        "fsevents": "~2.3.2",
        "postcss": "^8.3.5",
        "resolve": "^1.20.0",
        "rollup": "^2.38.5"
      }
    },
    "vue": {
      "version": "3.1.4",
      "resolved": "https://registry.nlark.com/vue/download/vue-3.1.4.tgz",
      "integrity": "sha1-Eg1oGMUeqjXQh55bwc/2ATW8af0=",
      "requires": {
        "@vue/compiler-dom": "3.1.4",
        "@vue/runtime-dom": "3.1.4",
        "@vue/shared": "3.1.4"
      }
    },
    "vue-axios": {
      "version": "3.2.4",
      "resolved": "https://registry.npm.taobao.org/vue-axios/download/vue-axios-3.2.4.tgz?cache=0&sync_timestamp=1612149035159&other_urls=https%3A%2F%2Fregistry.npm.taobao.org%2Fvue-axios%2Fdownload%2Fvue-axios-3.2.4.tgz",
      "integrity": "sha1-IzQVjbisKg9gOqQxwmJvv212ZyQ="
    },
    "vue-router": {
      "version": "4.0.10",
      "resolved": "https://registry.nlark.com/vue-router/download/vue-router-4.0.10.tgz",
      "integrity": "sha1-7I/aAylJsqMdMnMXD483bobrUqw=",
      "requires": {
        "@vue/devtools-api": "^6.0.0-beta.14"
      }
    },
    "vuex": {
      "version": "4.0.2",
      "resolved": "https://registry.nlark.com/vuex/download/vuex-4.0.2.tgz?cache=0&sync_timestamp=1623945218026&other_urls=https%3A%2F%2Fregistry.nlark.com%2Fvuex%2Fdownload%2Fvuex-4.0.2.tgz",
      "integrity": "sha1-+Jbb1b8qDpY/AMZ+m2EN50nMrMk=",
      "requires": {
        "@vue/devtools-api": "^6.0.0-beta.11"
      }
    },
    "wolfy87-eventemitter": {
      "version": "5.2.9",
      "resolved": "https://registry.npm.taobao.org/wolfy87-eventemitter/download/wolfy87-eventemitter-5.2.9.tgz",
      "integrity": "sha1-6Hn3cLMPu2USqK+7Mww4hZEJnCo="
    },
    "yallist": {
      "version": "3.1.1",
      "resolved": "https://registry.npm.taobao.org/yallist/download/yallist-3.1.1.tgz",
      "integrity": "sha1-27fa+b/YusmrRev2ArjLrQ1dCP0=",
      "dev": true
    }
  }
}
